<?xml version="1.0" encoding="utf-8"?>
<Project ToolsVersion="4.0" xmlns="http://schemas.microsoft.com/developer/msbuild/2003">
  <ItemGroup>
    <Filter Include="소스 파일">
      <UniqueIdentifier>{4FC737F1-C7A5-4376-A066-2A32D752A2FF}</UniqueIdentifier>
      <Extensions>cpp;c;cc;cxx;c++;cppm;ixx;def;odl;idl;hpj;bat;asm;asmx</Extensions>
    </Filter>
    <Filter Include="헤더 파일">
      <UniqueIdentifier>{93995380-89BD-4b04-88EB-625FBE52EBFB}</UniqueIdentifier>
      <Extensions>h;hh;hpp;hxx;h++;hm;inl;inc;ipp;xsd</Extensions>
    </Filter>
    <Filter Include="리소스 파일">
      <UniqueIdentifier>{67DA6AB6-F800-4c08-8B7A-83BB121AAD01}</UniqueIdentifier>
      <Extensions>rc;ico;cur;bmp;dlg;rc2;rct;bin;rgs;gif;jpg;jpeg;jpe;resx;tiff;tif;png;wav;mfcribbon-ms</Extensions>
    </Filter>
    <Filter Include="소스 파일\Game">
      <UniqueIdentifier>{1240fd07-fd28-4929-a076-20da1f687397}</UniqueIdentifier>
    </Filter>
    <Filter Include="소스 파일\Framework">
      <UniqueIdentifier>{6eb567a8-64f3-4433-b45a-82003fc2b26c}</UniqueIdentifier>
    </Filter>
  </ItemGroup>
  <ItemGroup>
    <ClCompile Include="..\main.cpp">
      <Filter>소스 파일</Filter>
    </ClCompile>
    <ClCompile Include="..\Game\Game.cpp">
      <Filter>소스 파일\Game</Filter>
    </ClCompile>
    <ClCompile Include="..\Game\Loby.cpp">
      <Filter>소스 파일\Game</Filter>
    </ClCompile>
    <ClCompile Include="..\Framework\GameFramwork.cpp">
      <Filter>소스 파일\Framework</Filter>
    </ClCompile>
    <ClCompile Include="..\Framework\GameTime.cpp">
      <Filter>소스 파일\Framework</Filter>
    </ClCompile>
    <ClCompile Include="..\Framework\Input.cpp">
      <Filter>소스 파일\Framework</Filter>
    </ClCompile>
    <ClCompile Include="..\Framework\Renderer.cpp">
      <Filter>소스 파일\Framework</Filter>
    </ClCompile>
    <ClCompile Include="..\Game\Menu.cpp">
      <Filter>소스 파일\Game</Filter>
    </ClCompile>
    <ClCompile Include="..\Game\Stage.cpp">
      <Filter>소스 파일\Game</Filter>
    </ClCompile>
    <ClCompile Include="..\Game\Player.cpp">
      <Filter>소스 파일\Game</Filter>
    </ClCompile>
  </ItemGroup>
  <ItemGroup>
    <ClInclude Include="..\stdafx.h">
      <Filter>소스 파일</Filter>
    </ClInclude>
    <ClInclude Include="..\Game\Game.h">
      <Filter>소스 파일\Game</Filter>
    </ClInclude>
    <ClInclude Include="..\Game\Loby.h">
      <Filter>소스 파일\Game</Filter>
    </ClInclude>
    <ClInclude Include="..\Framework\GameFramwork.h">
      <Filter>소스 파일\Framework</Filter>
    </ClInclude>
    <ClInclude Include="..\Framework\GameTime.h">
      <Filter>소스 파일\Framework</Filter>
    </ClInclude>
    <ClInclude Include="..\Framework\Input.h">
      <Filter>소스 파일\Framework</Filter>
    </ClInclude>
    <ClInclude Include="..\Framework\Renderer.h">
      <Filter>소스 파일\Framework</Filter>
    </ClInclude>
    <ClInclude Include="..\Game\Menu.h">
      <Filter>소스 파일\Game</Filter>
    </ClInclude>
    <ClInclude Include="..\Game\Stage.h">
      <Filter>소스 파일\Game</Filter>
    </ClInclude>
    <ClInclude Include="..\Game\Player.h">
      <Filter>소스 파일\Game</Filter>
    </ClInclude>
  </ItemGroup>
</Project>